// !$*UTF8*$!
{
	archiveVersion = 1;
	classes = {
	};
	objectVersion = 48;
	objects = {

/* Begin PBXBuildFile section */
		BF1C400520F6810D0039C900 /* Main.storyboard in Resources */ = {isa = PBXBuildFile; fileRef = BF1C400320F6810D0039C900 /* Main.storyboard */; };
		BF1C400720F6810D0039C900 /* Assets.xcassets in Resources */ = {isa = PBXBuildFile; fileRef = BF1C400620F6810D0039C900 /* Assets.xcassets */; };
		BF1C400A20F6810D0039C900 /* LaunchScreen.storyboard in Resources */ = {isa = PBXBuildFile; fileRef = BF1C400820F6810D0039C900 /* LaunchScreen.storyboard */; };
		BF1C401520F6810E0039C900 /* InstaPlayTests.swift in Sources */ = {isa = PBXBuildFile; fileRef = BF1C401420F6810E0039C900 /* InstaPlayTests.swift */; };
		BF1C402720F6950F0039C900 /* AppDelegate.swift in Sources */ = {isa = PBXBuildFile; fileRef = BF1C402220F6950F0039C900 /* AppDelegate.swift */; };
		BF1C402820F6950F0039C900 /* SelfRecentMediaViewController.swift in Sources */ = {isa = PBXBuildFile; fileRef = BF1C402420F6950F0039C900 /* SelfRecentMediaViewController.swift */; };
		BF1C402920F6950F0039C900 /* AuthenticationViewController.swift in Sources */ = {isa = PBXBuildFile; fileRef = BF1C402520F6950F0039C900 /* AuthenticationViewController.swift */; };
		BF1C402B20F695350039C900 /* ThumbnailCollectionViewCell.swift in Sources */ = {isa = PBXBuildFile; fileRef = BF1C402A20F695350039C900 /* ThumbnailCollectionViewCell.swift */; };
		BF1C402D20F695570039C900 /* Color+rgb.swift in Sources */ = {isa = PBXBuildFile; fileRef = BF1C402C20F695570039C900 /* Color+rgb.swift */; };
		BF1C402F20F695780039C900 /* SelfRecentMediaDataSource.swift in Sources */ = {isa = PBXBuildFile; fileRef = BF1C402E20F695780039C900 /* SelfRecentMediaDataSource.swift */; };
		BF1C403120F695A50039C900 /* TabBarViewController.swift in Sources */ = {isa = PBXBuildFile; fileRef = BF1C403020F695A50039C900 /* TabBarViewController.swift */; };
		BF1C403320F695C00039C900 /* TabBar.swift in Sources */ = {isa = PBXBuildFile; fileRef = BF1C403220F695C00039C900 /* TabBar.swift */; };
		D3A0D14D682F304BC5898529 /* Pods_InstaPlay.framework in Frameworks */ = {isa = PBXBuildFile; fileRef = 7497AD68106D299A93F52C00 /* Pods_InstaPlay.framework */; };
/* End PBXBuildFile section */

/* Begin PBXContainerItemProxy section */
		BF1C401120F6810E0039C900 /* PBXContainerItemProxy */ = {
			isa = PBXContainerItemProxy;
			containerPortal = BF1C3FF220F6810D0039C900 /* Project object */;
			proxyType = 1;
			remoteGlobalIDString = BF1C3FF920F6810D0039C900;
			remoteInfo = InstaPlay;
		};
/* End PBXContainerItemProxy section */

/* Begin PBXFileReference section */
		1CEA89264953421C32CC0CDF /* Pods-InstaPlay.release.xcconfig */ = {isa = PBXFileReference; includeInIndex = 1; lastKnownFileType = text.xcconfig; name = "Pods-InstaPlay.release.xcconfig"; path = "Pods/Target Support Files/Pods-InstaPlay/Pods-InstaPlay.release.xcconfig"; sourceTree = "<group>"; };
		7497AD68106D299A93F52C00 /* Pods_InstaPlay.framework */ = {isa = PBXFileReference; explicitFileType = wrapper.framework; includeInIndex = 0; path = Pods_InstaPlay.framework; sourceTree = BUILT_PRODUCTS_DIR; };
		9803A76F565E7F865ECC9299 /* Pods-InstaPlay.debug.xcconfig */ = {isa = PBXFileReference; includeInIndex = 1; lastKnownFileType = text.xcconfig; name = "Pods-InstaPlay.debug.xcconfig"; path = "Pods/Target Support Files/Pods-InstaPlay/Pods-InstaPlay.debug.xcconfig"; sourceTree = "<group>"; };
		BF1C3FFA20F6810D0039C900 /* InstaPlay.app */ = {isa = PBXFileReference; explicitFileType = wrapper.application; includeInIndex = 0; path = InstaPlay.app; sourceTree = BUILT_PRODUCTS_DIR; };
		BF1C400420F6810D0039C900 /* Base */ = {isa = PBXFileReference; lastKnownFileType = file.storyboard; name = Base; path = Base.lproj/Main.storyboard; sourceTree = "<group>"; };
		BF1C400620F6810D0039C900 /* Assets.xcassets */ = {isa = PBXFileReference; lastKnownFileType = folder.assetcatalog; path = Assets.xcassets; sourceTree = "<group>"; };
		BF1C400920F6810D0039C900 /* Base */ = {isa = PBXFileReference; lastKnownFileType = file.storyboard; name = Base; path = Base.lproj/LaunchScreen.storyboard; sourceTree = "<group>"; };
		BF1C400B20F6810D0039C900 /* Info.plist */ = {isa = PBXFileReference; lastKnownFileType = text.plist.xml; path = Info.plist; sourceTree = "<group>"; };
		BF1C401020F6810E0039C900 /* InstaPlayTests.xctest */ = {isa = PBXFileReference; explicitFileType = wrapper.cfbundle; includeInIndex = 0; path = InstaPlayTests.xctest; sourceTree = BUILT_PRODUCTS_DIR; };
		BF1C401420F6810E0039C900 /* InstaPlayTests.swift */ = {isa = PBXFileReference; lastKnownFileType = sourcecode.swift; path = InstaPlayTests.swift; sourceTree = "<group>"; };
		BF1C401620F6810E0039C900 /* Info.plist */ = {isa = PBXFileReference; lastKnownFileType = text.plist.xml; path = Info.plist; sourceTree = "<group>"; };
		BF1C402220F6950F0039C900 /* AppDelegate.swift */ = {isa = PBXFileReference; fileEncoding = 4; lastKnownFileType = sourcecode.swift; path = AppDelegate.swift; sourceTree = "<group>"; };
		BF1C402420F6950F0039C900 /* SelfRecentMediaViewController.swift */ = {isa = PBXFileReference; fileEncoding = 4; lastKnownFileType = sourcecode.swift; path = SelfRecentMediaViewController.swift; sourceTree = "<group>"; };
		BF1C402520F6950F0039C900 /* AuthenticationViewController.swift */ = {isa = PBXFileReference; fileEncoding = 4; lastKnownFileType = sourcecode.swift; path = AuthenticationViewController.swift; sourceTree = "<group>"; };
		BF1C402A20F695350039C900 /* ThumbnailCollectionViewCell.swift */ = {isa = PBXFileReference; lastKnownFileType = sourcecode.swift; path = ThumbnailCollectionViewCell.swift; sourceTree = "<group>"; };
		BF1C402C20F695570039C900 /* Color+rgb.swift */ = {isa = PBXFileReference; lastKnownFileType = sourcecode.swift; path = "Color+rgb.swift"; sourceTree = "<group>"; };
		BF1C402E20F695780039C900 /* SelfRecentMediaDataSource.swift */ = {isa = PBXFileReference; lastKnownFileType = sourcecode.swift; path = SelfRecentMediaDataSource.swift; sourceTree = "<group>"; };
		BF1C403020F695A50039C900 /* TabBarViewController.swift */ = {isa = PBXFileReference; lastKnownFileType = sourcecode.swift; path = TabBarViewController.swift; sourceTree = "<group>"; };
		BF1C403220F695C00039C900 /* TabBar.swift */ = {isa = PBXFileReference; lastKnownFileType = sourcecode.swift; path = TabBar.swift; sourceTree = "<group>"; };
/* End PBXFileReference section */

/* Begin PBXFrameworksBuildPhase section */
		BF1C3FF720F6810D0039C900 /* Frameworks */ = {
			isa = PBXFrameworksBuildPhase;
			buildActionMask = 2147483647;
			files = (
				D3A0D14D682F304BC5898529 /* Pods_InstaPlay.framework in Frameworks */,
			);
			runOnlyForDeploymentPostprocessing = 0;
		};
		BF1C400D20F6810E0039C900 /* Frameworks */ = {
			isa = PBXFrameworksBuildPhase;
			buildActionMask = 2147483647;
			files = (
			);
			runOnlyForDeploymentPostprocessing = 0;
		};
/* End PBXFrameworksBuildPhase section */

/* Begin PBXGroup section */
		0ED942D6FDC8D39546C7D710 /* Pods */ = {
			isa = PBXGroup;
			children = (
				9803A76F565E7F865ECC9299 /* Pods-InstaPlay.debug.xcconfig */,
				1CEA89264953421C32CC0CDF /* Pods-InstaPlay.release.xcconfig */,
			);
			name = Pods;
			sourceTree = "<group>";
		};
		4A2CB7A4C2D3875EED3707E5 /* Frameworks */ = {
			isa = PBXGroup;
			children = (
				7497AD68106D299A93F52C00 /* Pods_InstaPlay.framework */,
			);
			name = Frameworks;
			sourceTree = "<group>";
		};
		BF1C3FF120F6810D0039C900 = {
			isa = PBXGroup;
			children = (
				BF1C3FFC20F6810D0039C900 /* InstaPlay */,
				BF1C401320F6810E0039C900 /* InstaPlayTests */,
				BF1C3FFB20F6810D0039C900 /* Products */,
				0ED942D6FDC8D39546C7D710 /* Pods */,
				4A2CB7A4C2D3875EED3707E5 /* Frameworks */,
			);
			sourceTree = "<group>";
		};
		BF1C3FFB20F6810D0039C900 /* Products */ = {
			isa = PBXGroup;
			children = (
				BF1C3FFA20F6810D0039C900 /* InstaPlay.app */,
				BF1C401020F6810E0039C900 /* InstaPlayTests.xctest */,
			);
			name = Products;
			sourceTree = "<group>";
		};
		BF1C3FFC20F6810D0039C900 /* InstaPlay */ = {
			isa = PBXGroup;
			children = (
				BF1C402020F6950F0039C900 /* Code */,
				BF1C400320F6810D0039C900 /* Main.storyboard */,
				BF1C400620F6810D0039C900 /* Assets.xcassets */,
				BF1C400820F6810D0039C900 /* LaunchScreen.storyboard */,
				BF1C400B20F6810D0039C900 /* Info.plist */,
			);
			path = InstaPlay;
			sourceTree = "<group>";
		};
		BF1C401320F6810E0039C900 /* InstaPlayTests */ = {
			isa = PBXGroup;
			children = (
				BF1C401420F6810E0039C900 /* InstaPlayTests.swift */,
				BF1C401620F6810E0039C900 /* Info.plist */,
			);
			path = InstaPlayTests;
			sourceTree = "<group>";
		};
		BF1C402020F6950F0039C900 /* Code */ = {
			isa = PBXGroup;
			children = (
				BF1C402220F6950F0039C900 /* AppDelegate.swift */,
				BF1C402320F6950F0039C900 /* Controllers */,
				BF1C402120F6950F0039C900 /* Utilities */,
				BF1C402620F6950F0039C900 /* Views */,
			);
			path = Code;
			sourceTree = "<group>";
		};
		BF1C402120F6950F0039C900 /* Utilities */ = {
			isa = PBXGroup;
			children = (
				BF1C402C20F695570039C900 /* Color+rgb.swift */,
				BF1C402E20F695780039C900 /* SelfRecentMediaDataSource.swift */,
			);
			path = Utilities;
			sourceTree = "<group>";
		};
		BF1C402320F6950F0039C900 /* Controllers */ = {
			isa = PBXGroup;
			children = (
				BF1C402520F6950F0039C900 /* AuthenticationViewController.swift */,
				BF1C402420F6950F0039C900 /* SelfRecentMediaViewController.swift */,
				BF1C403020F695A50039C900 /* TabBarViewController.swift */,
			);
			path = Controllers;
			sourceTree = "<group>";
		};
		BF1C402620F6950F0039C900 /* Views */ = {
			isa = PBXGroup;
			children = (
				BF1C402A20F695350039C900 /* ThumbnailCollectionViewCell.swift */,
				BF1C403220F695C00039C900 /* TabBar.swift */,
			);
			path = Views;
			sourceTree = "<group>";
		};
/* End PBXGroup section */

/* Begin PBXNativeTarget section */
		BF1C3FF920F6810D0039C900 /* InstaPlay */ = {
			isa = PBXNativeTarget;
			buildConfigurationList = BF1C401920F6810E0039C900 /* Build configuration list for PBXNativeTarget "InstaPlay" */;
			buildPhases = (
				3866814BD1D85968CE2E8838 /* [CP] Check Pods Manifest.lock */,
				BF1C3FF620F6810D0039C900 /* Sources */,
				BF1C3FF720F6810D0039C900 /* Frameworks */,
				BF1C3FF820F6810D0039C900 /* Resources */,
				101B9D128CEC59CF943B8676 /* [CP] Embed Pods Frameworks */,
				634106740AD6544EF855F352 /* [CP] Copy Pods Resources */,
			);
			buildRules = (
			);
			dependencies = (
			);
			name = InstaPlay;
			productName = InstaPlay;
			productReference = BF1C3FFA20F6810D0039C900 /* InstaPlay.app */;
			productType = "com.apple.product-type.application";
		};
		BF1C400F20F6810E0039C900 /* InstaPlayTests */ = {
			isa = PBXNativeTarget;
			buildConfigurationList = BF1C401C20F6810E0039C900 /* Build configuration list for PBXNativeTarget "InstaPlayTests" */;
			buildPhases = (
				BF1C400C20F6810E0039C900 /* Sources */,
				BF1C400D20F6810E0039C900 /* Frameworks */,
				BF1C400E20F6810E0039C900 /* Resources */,
			);
			buildRules = (
			);
			dependencies = (
				BF1C401220F6810E0039C900 /* PBXTargetDependency */,
			);
			name = InstaPlayTests;
			productName = InstaPlayTests;
			productReference = BF1C401020F6810E0039C900 /* InstaPlayTests.xctest */;
			productType = "com.apple.product-type.bundle.unit-test";
		};
/* End PBXNativeTarget section */

/* Begin PBXProject section */
		BF1C3FF220F6810D0039C900 /* Project object */ = {
			isa = PBXProject;
			attributes = {
				LastSwiftUpdateCheck = 0940;
				LastUpgradeCheck = 0940;
				ORGANIZATIONNAME = "Vincent Douant";
				TargetAttributes = {
					BF1C3FF920F6810D0039C900 = {
						CreatedOnToolsVersion = 9.4.1;
						ProvisioningStyle = Automatic;
					};
					BF1C400F20F6810E0039C900 = {
						CreatedOnToolsVersion = 9.4.1;
						ProvisioningStyle = Automatic;
						TestTargetID = BF1C3FF920F6810D0039C900;
					};
				};
			};
			buildConfigurationList = BF1C3FF520F6810D0039C900 /* Build configuration list for PBXProject "InstaPlay" */;
			compatibilityVersion = "Xcode 8.0";
			developmentRegion = en;
			hasScannedForEncodings = 0;
			knownRegions = (
				en,
				Base,
			);
			mainGroup = BF1C3FF120F6810D0039C900;
			productRefGroup = BF1C3FFB20F6810D0039C900 /* Products */;
			projectDirPath = "";
			projectRoot = "";
			targets = (
				BF1C3FF920F6810D0039C900 /* InstaPlay */,
				BF1C400F20F6810E0039C900 /* InstaPlayTests */,
			);
		};
/* End PBXProject section */

/* Begin PBXResourcesBuildPhase section */
		BF1C3FF820F6810D0039C900 /* Resources */ = {
			isa = PBXResourcesBuildPhase;
			buildActionMask = 2147483647;
			files = (
				BF1C400A20F6810D0039C900 /* LaunchScreen.storyboard in Resources */,
				BF1C400720F6810D0039C900 /* Assets.xcassets in Resources */,
				BF1C400520F6810D0039C900 /* Main.storyboard in Resources */,
			);
			runOnlyForDeploymentPostprocessing = 0;
		};
		BF1C400E20F6810E0039C900 /* Resources */ = {
			isa = PBXResourcesBuildPhase;
			buildActionMask = 2147483647;
			files = (
			);
			runOnlyForDeploymentPostprocessing = 0;
		};
/* End PBXResourcesBuildPhase section */

/* Begin PBXShellScriptBuildPhase section */
		101B9D128CEC59CF943B8676 /* [CP] Embed Pods Frameworks */ = {
			isa = PBXShellScriptBuildPhase;
			buildActionMask = 2147483647;
			files = (
			);
			inputPaths = (
				"${SRCROOT}/Pods/Target Support Files/Pods-InstaPlay/Pods-InstaPlay-frameworks.sh",
				"${BUILT_PRODUCTS_DIR}/AFNetworking/AFNetworking.framework",
				"${BUILT_PRODUCTS_DIR}/Alamofire/Alamofire.framework",
				"${BUILT_PRODUCTS_DIR}/AlamofireImage/AlamofireImage.framework",
				"${BUILT_PRODUCTS_DIR}/InstagramKit/InstagramKit.framework",
			);
			name = "[CP] Embed Pods Frameworks";
			outputPaths = (
				"${TARGET_BUILD_DIR}/${FRAMEWORKS_FOLDER_PATH}/AFNetworking.framework",
				"${TARGET_BUILD_DIR}/${FRAMEWORKS_FOLDER_PATH}/Alamofire.framework",
				"${TARGET_BUILD_DIR}/${FRAMEWORKS_FOLDER_PATH}/AlamofireImage.framework",
				"${TARGET_BUILD_DIR}/${FRAMEWORKS_FOLDER_PATH}/InstagramKit.framework",
			);
			runOnlyForDeploymentPostprocessing = 0;
			shellPath = /bin/sh;
			shellScript = "\"${SRCROOT}/Pods/Target Support Files/Pods-InstaPlay/Pods-InstaPlay-frameworks.sh\"\n";
			showEnvVarsInLog = 0;
		};
		3866814BD1D85968CE2E8838 /* [CP] Check Pods Manifest.lock */ = {
			isa = PBXShellScriptBuildPhase;
			buildActionMask = 2147483647;
			files = (
			);
			inputPaths = (
				"${PODS_PODFILE_DIR_PATH}/Podfile.lock",
				"${PODS_ROOT}/Manifest.lock",
			);
			name = "[CP] Check Pods Manifest.lock";
			outputPaths = (
				"$(DERIVED_FILE_DIR)/Pods-InstaPlay-checkManifestLockResult.txt",
			);
			runOnlyForDeploymentPostprocessing = 0;
			shellPath = /bin/sh;
			shellScript = "diff \"${PODS_PODFILE_DIR_PATH}/Podfile.lock\" \"${PODS_ROOT}/Manifest.lock\" > /dev/null\nif [ $? != 0 ] ; then\n    # print error to STDERR\n    echo \"error: The sandbox is not in sync with the Podfile.lock. Run 'pod install' or update your CocoaPods installation.\" >&2\n    exit 1\nfi\n# This output is used by Xcode 'outputs' to avoid re-running this script phase.\necho \"SUCCESS\" > \"${SCRIPT_OUTPUT_FILE_0}\"\n";
			showEnvVarsInLog = 0;
		};
		634106740AD6544EF855F352 /* [CP] Copy Pods Resources */ = {
			isa = PBXShellScriptBuildPhase;
			buildActionMask = 2147483647;
			files = (
			);
			inputPaths = (
			);
			name = "[CP] Copy Pods Resources";
			outputPaths = (
			);
			runOnlyForDeploymentPostprocessing = 0;
			shellPath = /bin/sh;
			shellScript = "\"${SRCROOT}/Pods/Target Support Files/Pods-InstaPlay/Pods-InstaPlay-resources.sh\"\n";
			showEnvVarsInLog = 0;
		};
/* End PBXShellScriptBuildPhase section */

/* Begin PBXSourcesBuildPhase section */
		BF1C3FF620F6810D0039C900 /* Sources */ = {
			isa = PBXSourcesBuildPhase;
			buildActionMask = 2147483647;
			files = (
				BF1C402F20F695780039C900 /* SelfRecentMediaDataSource.swift in Sources */,
				BF1C402D20F695570039C900 /* Color+rgb.swift in Sources */,
				BF1C402920F6950F0039C900 /* AuthenticationViewController.swift in Sources */,
				BF1C403320F695C00039C900 /* TabBar.swift in Sources */,
				BF1C402B20F695350039C900 /* ThumbnailCollectionViewCell.swift in Sources */,
				BF1C403120F695A50039C900 /* TabBarViewController.swift in Sources */,
				BF1C402820F6950F0039C900 /* SelfRecentMediaViewController.swift in Sources */,
				BF1C402720F6950F0039C900 /* AppDelegate.swift in Sources */,
			);
			runOnlyForDeploymentPostprocessing = 0;
		};
		BF1C400C20F6810E0039C900 /* Sources */ = {
			isa = PBXSourcesBuildPhase;
			buildActionMask = 2147483647;
			files = (
				BF1C401520F6810E0039C900 /* InstaPlayTests.swift in Sources */,
			);
			runOnlyForDeploymentPostprocessing = 0;
		};
/* End PBXSourcesBuildPhase section */

/* Begin PBXTargetDependency section */
		BF1C401220F6810E0039C900 /* PBXTargetDependency */ = {
			isa = PBXTargetDependency;
			target = BF1C3FF920F6810D0039C900 /* InstaPlay */;
			targetProxy = BF1C401120F6810E0039C900 /* PBXContainerItemProxy */;
		};
/* End PBXTargetDependency section */

/* Begin PBXVariantGroup section */
		BF1C400320F6810D0039C900 /* Main.storyboard */ = {
			isa = PBXVariantGroup;
			children = (
				BF1C400420F6810D0039C900 /* Base */,
			);
			name = Main.storyboard;
			sourceTree = "<group>";
		};
		BF1C400820F6810D0039C900 /* LaunchScreen.storyboard */ = {
			isa = PBXVariantGroup;
			children = (
				BF1C400920F6810D0039C900 /* Base */,
			);
			name = LaunchScreen.storyboard;
			sourceTree = "<group>";
		};
/* End PBXVariantGroup section */

/* Begin XCBuildConfiguration section */
		BF1C401720F6810E0039C900 /* Debug */ = {
			isa = XCBuildConfiguration;
			buildSettings = {
				ALWAYS_SEARCH_USER_PATHS = NO;
				CLANG_ANALYZER_NONNULL = YES;
				CLANG_ANALYZER_NUMBER_OBJECT_CONVERSION = YES_AGGRESSIVE;
				CLANG_CXX_LANGUAGE_STANDARD = "gnu++14";
				CLANG_CXX_LIBRARY = "libc++";
				CLANG_ENABLE_MODULES = YES;
				CLANG_ENABLE_OBJC_ARC = YES;
				CLANG_ENABLE_OBJC_WEAK = YES;
				CLANG_WARN_BLOCK_CAPTURE_AUTORELEASING = YES;
				CLANG_WARN_BOOL_CONVERSION = YES;
				CLANG_WARN_COMMA = YES;
				CLANG_WARN_CONSTANT_CONVERSION = YES;
				CLANG_WARN_DEPRECATED_OBJC_IMPLEMENTATIONS = YES;
				CLANG_WARN_DIRECT_OBJC_ISA_USAGE = YES_ERROR;
				CLANG_WARN_DOCUMENTATION_COMMENTS = YES;
				CLANG_WARN_EMPTY_BODY = YES;
				CLANG_WARN_ENUM_CONVERSION = YES;
				CLANG_WARN_INFINITE_RECURSION = YES;
				CLANG_WARN_INT_CONVERSION = YES;
				CLANG_WARN_NON_LITERAL_NULL_CONVERSION = YES;
				CLANG_WARN_OBJC_IMPLICIT_RETAIN_SELF = YES;
				CLANG_WARN_OBJC_LITERAL_CONVERSION = YES;
				CLANG_WARN_OBJC_ROOT_CLASS = YES_ERROR;
				CLANG_WARN_RANGE_LOOP_ANALYSIS = YES;
				CLANG_WARN_STRICT_PROTOTYPES = YES;
				CLANG_WARN_SUSPICIOUS_MOVE = YES;
				CLANG_WARN_UNGUARDED_AVAILABILITY = YES_AGGRESSIVE;
				CLANG_WARN_UNREACHABLE_CODE = YES;
				CLANG_WARN__DUPLICATE_METHOD_MATCH = YES;
				CODE_SIGN_IDENTITY = "iPhone Developer";
				COPY_PHASE_STRIP = NO;
				DEBUG_INFORMATION_FORMAT = dwarf;
				ENABLE_STRICT_OBJC_MSGSEND = YES;
				ENABLE_TESTABILITY = YES;
				GCC_C_LANGUAGE_STANDARD = gnu11;
				GCC_DYNAMIC_NO_PIC = NO;
				GCC_NO_COMMON_BLOCKS = YES;
				GCC_OPTIMIZATION_LEVEL = 0;
				GCC_PREPROCESSOR_DEFINITIONS = (
					"DEBUG=1",
					"$(inherited)",
				);
				GCC_WARN_64_TO_32_BIT_CONVERSION = YES;
				GCC_WARN_ABOUT_RETURN_TYPE = YES_ERROR;
				GCC_WARN_UNDECLARED_SELECTOR = YES;
				GCC_WARN_UNINITIALIZED_AUTOS = YES_AGGRESSIVE;
				GCC_WARN_UNUSED_FUNCTION = YES;
				GCC_WARN_UNUSED_VARIABLE = YES;
				IPHONEOS_DEPLOYMENT_TARGET = 11.4;
				MTL_ENABLE_DEBUG_INFO = YES;
				ONLY_ACTIVE_ARCH = YES;
				SDKROOT = iphoneos;
				SWIFT_ACTIVE_COMPILATION_CONDITIONS = DEBUG;
				SWIFT_OPTIMIZATION_LEVEL = "-Onone";
			};
			name = Debug;
		};
		BF1C401820F6810E0039C900 /* Release */ = {
			isa = XCBuildConfiguration;
			buildSettings = {
				ALWAYS_SEARCH_USER_PATHS = NO;
				CLANG_ANALYZER_NONNULL = YES;
				CLANG_ANALYZER_NUMBER_OBJECT_CONVERSION = YES_AGGRESSIVE;
				CLANG_CXX_LANGUAGE_STANDARD = "gnu++14";
				CLANG_CXX_LIBRARY = "libc++";
				CLANG_ENABLE_MODULES = YES;
				CLANG_ENABLE_OBJC_ARC = YES;
				CLANG_ENABLE_OBJC_WEAK = YES;
				CLANG_WARN_BLOCK_CAPTURE_AUTORELEASING = YES;
				CLANG_WARN_BOOL_CONVERSION = YES;
				CLANG_WARN_COMMA = YES;
				CLANG_WARN_CONSTANT_CONVERSION = YES;
				CLANG_WARN_DEPRECATED_OBJC_IMPLEMENTATIONS = YES;
				CLANG_WARN_DIRECT_OBJC_ISA_USAGE = YES_ERROR;
				CLANG_WARN_DOCUMENTATION_COMMENTS = YES;
				CLANG_WARN_EMPTY_BODY = YES;
				CLANG_WARN_ENUM_CONVERSION = YES;
				CLANG_WARN_INFINITE_RECURSION = YES;
				CLANG_WARN_INT_CONVERSION = YES;
				CLANG_WARN_NON_LITERAL_NULL_CONVERSION = YES;
				CLANG_WARN_OBJC_IMPLICIT_RETAIN_SELF = YES;
				CLANG_WARN_OBJC_LITERAL_CONVERSION = YES;
				CLANG_WARN_OBJC_ROOT_CLASS = YES_ERROR;
				CLANG_WARN_RANGE_LOOP_ANALYSIS = YES;
				CLANG_WARN_STRICT_PROTOTYPES = YES;
				CLANG_WARN_SUSPICIOUS_MOVE = YES;
				CLANG_WARN_UNGUARDED_AVAILABILITY = YES_AGGRESSIVE;
				CLANG_WARN_UNREACHABLE_CODE = YES;
				CLANG_WARN__DUPLICATE_METHOD_MATCH = YES;
				CODE_SIGN_IDENTITY = "iPhone Developer";
				COPY_PHASE_STRIP = NO;
				DEBUG_INFORMATION_FORMAT = "dwarf-with-dsym";
				ENABLE_NS_ASSERTIONS = NO;
				ENABLE_STRICT_OBJC_MSGSEND = YES;
				GCC_C_LANGUAGE_STANDARD = gnu11;
				GCC_NO_COMMON_BLOCKS = YES;
				GCC_WARN_64_TO_32_BIT_CONVERSION = YES;
				GCC_WARN_ABOUT_RETURN_TYPE = YES_ERROR;
				GCC_WARN_UNDECLARED_SELECTOR = YES;
				GCC_WARN_UNINITIALIZED_AUTOS = YES_AGGRESSIVE;
				GCC_WARN_UNUSED_FUNCTION = YES;
				GCC_WARN_UNUSED_VARIABLE = YES;
				IPHONEOS_DEPLOYMENT_TARGET = 11.4;
				MTL_ENABLE_DEBUG_INFO = NO;
				SDKROOT = iphoneos;
				SWIFT_OPTIMIZATION_LEVEL = "-Owholemodule";
				VALIDATE_PRODUCT = YES;
			};
			name = Release;
		};
		BF1C401A20F6810E0039C900 /* Debug */ = {
			isa = XCBuildConfiguration;
			baseConfigurationReference = 9803A76F565E7F865ECC9299 /* Pods-InstaPlay.debug.xcconfig */;
			buildSettings = {
				ASSETCATALOG_COMPILER_APPICON_NAME = AppIcon;
				CODE_SIGN_STYLE = Automatic;
				INFOPLIST_FILE = InstaPlay/Info.plist;
				LD_RUNPATH_SEARCH_PATHS = "$(inherited) @executable_path/Frameworks";
				PRODUCT_BUNDLE_IDENTIFIER = com.vinzen.InstaPlay;
				PRODUCT_NAME = "$(TARGET_NAME)";
				SWIFT_VERSION = 4.0;
				TARGETED_DEVICE_FAMILY = "1,2";
			};
			name = Debug;
		};
		BF1C401B20F6810E0039C900 /* Release */ = {
			isa = XCBuildConfiguration;
			baseConfigurationReference = 1CEA89264953421C32CC0CDF /* Pods-InstaPlay.release.xcconfig */;
			buildSettings = {
				ASSETCATALOG_COMPILER_APPICON_NAME = AppIcon;
				CODE_SIGN_STYLE = Automatic;
				INFOPLIST_FILE = InstaPlay/Info.plist;
				LD_RUNPATH_SEARCH_PATHS = "$(inherited) @executable_path/Frameworks";
				PRODUCT_BUNDLE_IDENTIFIER = com.vinzen.InstaPlay;
				PRODUCT_NAME = "$(TARGET_NAME)";
				SWIFT_VERSION = 4.0;
				TARGETED_DEVICE_FAMILY = "1,2";
			};
			name = Release;
		};
		BF1C401D20F6810E0039C900 /* Debug */ = {
			isa = XCBuildConfiguration;
			buildSettings = {
				ALWAYS_EMBED_SWIFT_STANDARD_LIBRARIES = YES;
				BUNDLE_LOADER = "$(TEST_HOST)";
				CODE_SIGN_STYLE = Automatic;
				INFOPLIST_FILE = InstaPlayTests/Info.plist;
				LD_RUNPATH_SEARCH_PATHS = "$(inherited) @executable_path/Frameworks @loader_path/Frameworks";
				PRODUCT_BUNDLE_IDENTIFIER = com.vinzen.InstaPlayTests;
				PRODUCT_NAME = "$(TARGET_NAME)";
				SWIFT_VERSION = 4.0;
				TARGETED_DEVICE_FAMILY = "1,2";
				TEST_HOST = "$(BUILT_PRODUCTS_DIR)/InstaPlay.app/InstaPlay";
			};
			name = Debug;
		};
		BF1C401E20F6810E0039C900 /* Release */ = {
			isa = XCBuildConfiguration;
			buildSettings = {
				ALWAYS_EMBED_SWIFT_STANDARD_LIBRARIES = YES;
				BUNDLE_LOADER = "$(TEST_HOST)";
				CODE_SIGN_STYLE = Automatic;
				INFOPLIST_FILE = InstaPlayTests/Info.plist;
				LD_RUNPATH_SEARCH_PATHS = "$(inherited) @executable_path/Frameworks @loader_path/Frameworks";
				PRODUCT_BUNDLE_IDENTIFIER = com.vinzen.InstaPlayTests;
				PRODUCT_NAME = "$(TARGET_NAME)";
				SWIFT_VERSION = 4.0;
				TARGETED_DEVICE_FAMILY = "1,2";
				TEST_HOST = "$(BUILT_PRODUCTS_DIR)/InstaPlay.app/InstaPlay";
			};
			name = Release;
		};
/* End XCBuildConfiguration section */

/* Begin XCConfigurationList section */
		BF1C3FF520F6810D0039C900 /* Build configuration list for PBXProject "InstaPlay" */ = {
			isa = XCConfigurationList;
			buildConfigurations = (
				BF1C401720F6810E0039C900 /* Debug */,
				BF1C401820F6810E0039C900 /* Release */,
			);
			defaultConfigurationIsVisible = 0;
			defaultConfigurationName = Release;
		};
		BF1C401920F6810E0039C900 /* Build configuration list for PBXNativeTarget "InstaPlay" */ = {
			isa = XCConfigurationList;
			buildConfigurations = (
				BF1C401A20F6810E0039C900 /* Debug */,
				BF1C401B20F6810E0039C900 /* Release */,
			);
			defaultConfigurationIsVisible = 0;
			defaultConfigurationName = Release;
		};
		BF1C401C20F6810E0039C900 /* Build configuration list for PBXNativeTarget "InstaPlayTests" */ = {
			isa = XCConfigurationList;
			buildConfigurations = (
				BF1C401D20F6810E0039C900 /* Debug */,
				BF1C401E20F6810E0039C900 /* Release */,
			);
			defaultConfigurationIsVisible = 0;
			defaultConfigurationName = Release;
		};
/* End XCConfigurationList section */
	};
	rootObject = BF1C3FF220F6810D0039C900 /* Project object */;
}
